{
  "name": "egg-sentry",
  "version": "1.0.0",
  "lockfileVersion": 1,
  "requires": true,
  "dependencies": {
    "@sentry/core": {
      "version": "6.17.6",
      "resolved": "https://registry.npmmirror.com/@sentry/core/-/core-6.17.6.tgz",
      "integrity": "sha512-wSNsQSqsW8vQ2HEvUEXYOJnzTyVDSWbyH4RHrWV1pQM8zqGx/qfz0sKFM5XFnE9ZeaXKL8LXV3v5i73v+z8lew==",
      "requires": {
        "@sentry/hub": "6.17.6",
        "@sentry/minimal": "6.17.6",
        "@sentry/types": "6.17.6",
        "@sentry/utils": "6.17.6",
        "tslib": "^1.9.3"
      }
    },
    "@sentry/hub": {
      "version": "6.17.6",
      "resolved": "https://registry.npmmirror.com/@sentry/hub/-/hub-6.17.6.tgz",
      "integrity": "sha512-Ps9nk+DoFia8jhZ1lucdRE0vDx8hqXOsKXJE8a3hK/Ndki0J9jedYqBeLqSgiFG4qRjXpNFcD6TEM6tnQrv5lw==",
      "requires": {
        "@sentry/types": "6.17.6",
        "@sentry/utils": "6.17.6",
        "tslib": "^1.9.3"
      }
    },
    "@sentry/minimal": {
      "version": "6.17.6",
      "resolved": "https://registry.npmmirror.com/@sentry/minimal/-/minimal-6.17.6.tgz",
      "integrity": "sha512-PLGf8WlhtdHuY6ofwYR3nyClr/TYHHAW6i0r62OZCOXTqnFPJorZpAz3VCCP2jMJmbgVbo03wN+u/xAA/zwObA==",
      "requires": {
        "@sentry/hub": "6.17.6",
        "@sentry/types": "6.17.6",
        "tslib": "^1.9.3"
      }
    },
    "@sentry/node": {
      "version": "6.17.6",
      "resolved": "https://registry.npmmirror.com/@sentry/node/-/node-6.17.6.tgz",
      "integrity": "sha512-T1s0yPbGvYpoh9pJgLvpy7s+jVwCyf0ieEoN9rSbnPwbi2vm6MfoV5wtGrE0cBHTPgnyOMv+zq4Q3ww6dfr7Pw==",
      "requires": {
        "@sentry/core": "6.17.6",
        "@sentry/hub": "6.17.6",
        "@sentry/tracing": "6.17.6",
        "@sentry/types": "6.17.6",
        "@sentry/utils": "6.17.6",
        "cookie": "^0.4.1",
        "https-proxy-agent": "^5.0.0",
        "lru_map": "^0.3.3",
        "tslib": "^1.9.3"
      }
    },
    "@sentry/tracing": {
      "version": "6.17.6",
      "resolved": "https://registry.npmmirror.com/@sentry/tracing/-/tracing-6.17.6.tgz",
      "integrity": "sha512-+h5ov+zEm5WH9+vmFfdT4EIqBOW7Tggzh0BDz8QRStRc2JbvEiSZDs+HlsycBwWMQi/ucJs93FPtNnWjW+xvBw==",
      "requires": {
        "@sentry/hub": "6.17.6",
        "@sentry/minimal": "6.17.6",
        "@sentry/types": "6.17.6",
        "@sentry/utils": "6.17.6",
        "tslib": "^1.9.3"
      }
    },
    "@sentry/types": {
      "version": "6.17.6",
      "resolved": "https://registry.npmmirror.com/@sentry/types/-/types-6.17.6.tgz",
      "integrity": "sha512-peGM873lDJtHd/jwW9Egr/hhxLuF0bcPIf2kMZlvEvW/G5GCbuaCR4ArQJlh7vQyma+NLn/XdojpJkC0TomKrw=="
    },
    "@sentry/utils": {
      "version": "6.17.6",
      "resolved": "https://registry.npmmirror.com/@sentry/utils/-/utils-6.17.6.tgz",
      "integrity": "sha512-RI797N8Ax5yuKUftVX6dc0XmXqo5CN7XqJYPFzYC8udutQ4L8ZYadtUcqNsdz1ZQxl+rp0XK9Q6wjoWmsI2RXA==",
      "requires": {
        "@sentry/types": "6.17.6",
        "tslib": "^1.9.3"
      }
    },
    "agent-base": {
      "version": "6.0.2",
      "resolved": "https://registry.npmmirror.com/agent-base/-/agent-base-6.0.2.tgz",
      "integrity": "sha512-RZNwNclF7+MS/8bDg70amg32dyeZGZxiDuQmZxKLAlQjr3jGyLx+4Kkk58UO7D2QdgFIQCovuSuZESne6RG6XQ==",
      "requires": {
        "debug": "4"
      }
    },
    "cookie": {
      "version": "0.4.2",
      "resolved": "https://registry.npmmirror.com/cookie/-/cookie-0.4.2.tgz",
      "integrity": "sha512-aSWTXFzaKWkvHO1Ny/s+ePFpvKsPnjc551iI41v3ny/ow6tBG5Vd+FuqGNhh1LxOmVzOlGUriIlOaokOvhaStA=="
    },
    "debug": {
      "version": "4.3.3",
      "resolved": "https://registry.npmmirror.com/debug/-/debug-4.3.3.tgz",
      "integrity": "sha512-/zxw5+vh1Tfv+4Qn7a5nsbcJKPaSvCDhojn6FEl9vupwK2VCSDtEiEtqr8DFtzYFOdz63LBkxec7DYuc2jon6Q==",
      "requires": {
        "ms": "2.1.2"
      }
    },
    "https-proxy-agent": {
      "version": "5.0.0",
      "resolved": "https://registry.npmmirror.com/https-proxy-agent/-/https-proxy-agent-5.0.0.tgz",
      "integrity": "sha512-EkYm5BcKUGiduxzSt3Eppko+PiNWNEpa4ySk9vTC6wDsQJW9rHSa+UhGNJoRYp7bz6Ht1eaRIa6QaJqO5rCFbA==",
      "requires": {
        "agent-base": "6",
        "debug": "4"
      }
    },
    "lru_map": {
      "version": "0.3.3",
      "resolved": "https://registry.npmmirror.com/lru_map/-/lru_map-0.3.3.tgz",
      "integrity": "sha512-Pn9cox5CsMYngeDbmChANltQl+5pi6XmTrraMSzhPmMBbmgcxmqWry0U3PGapCU1yB4/LqCcom7qhHZiF/jGfQ=="
    },
    "ms": {
      "version": "2.1.2",
      "resolved": "https://registry.npmmirror.com/ms/-/ms-2.1.2.tgz",
      "integrity": "sha512-sGkPx+VjMtmA6MX27oA4FBFELFCZZ4S4XqeGOXCv68tT+jb3vk/RyaKWP0PTKyWtmLSM0b+adUTEvbs1PEaH2w=="
    },
    "tslib": {
      "version": "1.14.1",
      "resolved": "https://registry.npmmirror.com/tslib/-/tslib-1.14.1.tgz",
      "integrity": "sha512-Xni35NKzjgMrwevysHTCArtLDpPvye8zV/0E4EyYn43P7/7qvQwPh9BGkHewbMulVntbigmcT7rdX3BNo9wRJg=="
    }
  }
}
